
Microsoft Visual Studio Solution File, Format Version 12.00
# Visual Studio Version 17
VisualStudioVersion = 17.6.33829.357
MinimumVisualStudioVersion = 10.0.40219.1
Project("{13B669BE-BB05-4DDF-9536-439F39A36129}") = "w7-2", "w7-2.phpproj", "{1F394395-8365-40E6-90F3-7D4554509EA4}"
EndProject
Global
	GlobalSection(SolutionConfigurationPlatforms) = preSolution
		Debug|Any CPU = Debug|Any CPU
		Release|Any CPU = Release|Any CPU
	EndGlobalSection
	GlobalSection(ProjectConfigurationPlatforms) = postSolution
		{1F394395-8365-40E6-90F3-7D4554509EA4}.Debug|Any CPU.ActiveCfg = Debug|Any CPU
		{1F394395-8365-40E6-90F3-7D4554509EA4}.Debug|Any CPU.Build.0 = Debug|Any CPU
		{1F394395-8365-40E6-90F3-7D4554509EA4}.Release|Any CPU.ActiveCfg = Release|Any CPU
		{1F394395-8365-40E6-90F3-7D4554509EA4}.Release|Any CPU.Build.0 = Release|Any CPU
	EndGlobalSection
	GlobalSection(SolutionProperties) = preSolution
		HideSolutionNode = FALSE
	EndGlobalSection
	GlobalSection(ExtensibilityGlobals) = postSolution
		SolutionGuid = {12E5FDF7-3EE3-4BCA-AC01-60E754889F02}
	EndGlobalSection
EndGlobal
